
Microsoft Visual Studio Solution File, Format Version 12.00
# Visual Studio Version 17
VisualStudioVersion = 17.6.33829.357
MinimumVisualStudioVersion = 10.0.40219.1
Project("{9A19103F-16F7-4668-BE54-9A1E7A4F7556}") = "Packgroup.Ecommerce.Transversal.Common", "Packgroup.Ecommerce.Transversal.Commin\Packgroup.Ecommerce.Transversal.Common.csproj", "{A2DC5542-CC12-4BDA-B193-F2C441C256DB}"
EndProject
Project("{2150E333-8FDC-42A3-9474-1A3956D46DE8}") = "Transversal", "Transversal", "{3C61936D-5AD6-4C90-84F9-7DCFC8449D6D}"
EndProject
Project("{2150E333-8FDC-42A3-9474-1A3956D46DE8}") = "Aplicacion", "Aplicacion", "{D5A994E6-D4A7-4182-BD25-EED1A7275A27}"
EndProject
Project("{2150E333-8FDC-42A3-9474-1A3956D46DE8}") = "Dominio", "Dominio", "{933A2566-3497-4BA8-BDFD-1CCEE0B34BAB}"
EndProject
Project("{2150E333-8FDC-42A3-9474-1A3956D46DE8}") = "Infraestructura", "Infraestructura", "{810B8EFB-D4EB-4FB9-A9FD-732A3CC4D501}"
EndProject
Project("{2150E333-8FDC-42A3-9474-1A3956D46DE8}") = "Servicio", "Servicio", "{7C4B95D8-F39B-4DA6-98F9-D8C547DFBCA8}"
EndProject
Project("{9A19103F-16F7-4668-BE54-9A1E7A4F7556}") = "Packgroup.Ecommerce.Infraestructura.Data", "Packgroup.Ecommerce.Infraestructura.Data\Packgroup.Ecommerce.Infraestructura.Data.csproj", "{67709FF9-9FB8-467B-98E7-498978A7B00B}"
EndProject
Project("{9A19103F-16F7-4668-BE54-9A1E7A4F7556}") = "PackGroup.Ecommerce.Infrastructura.Interface", "PackGroup.Ecommerce.Infrastructura.Interface\PackGroup.Ecommerce.Infrastructura.Interface.csproj", "{68080B4F-35B6-44DA-A9FE-FC182264C384}"
EndProject
Project("{9A19103F-16F7-4668-BE54-9A1E7A4F7556}") = "Packgroup.Ecommerce.Domain.Entity", "Packgroup.Ecommerce.Domain.Entity\Packgroup.Ecommerce.Domain.Entity.csproj", "{9D44E327-D947-4A29-9CE2-2822DAD874D7}"
EndProject
Project("{9A19103F-16F7-4668-BE54-9A1E7A4F7556}") = "Packgroup.Ecommerce.Infraestructura.Repository", "Packgroup.Ecommerce.Infraestructura.Repository\Packgroup.Ecommerce.Infraestructura.Repository.csproj", "{0FAA7A4B-FD38-4CA7-9CE0-CA4F82CE7B12}"
EndProject
Project("{9A19103F-16F7-4668-BE54-9A1E7A4F7556}") = "Packgroup.Ecommerce.Domain.Interface", "Packgroup.Ecommerce.Domain.Interface\Packgroup.Ecommerce.Domain.Interface.csproj", "{669B4008-BA34-44FA-B98E-4E2E355B8D82}"
EndProject
Project("{9A19103F-16F7-4668-BE54-9A1E7A4F7556}") = "Packgroup.Ecommerce.Domain.Core", "Packgroup.Ecommerce.Domain.Core\Packgroup.Ecommerce.Domain.Core.csproj", "{31E2BF7C-8400-432B-85DE-9A958D88F490}"
EndProject
Project("{9A19103F-16F7-4668-BE54-9A1E7A4F7556}") = "Packgroup.Ecommerce.Aplication.DTO", "Packgroup.Ecommerce.Aplication.DTO\Packgroup.Ecommerce.Aplication.DTO.csproj", "{9E0C784A-A794-481D-B7B6-3E7B96F42375}"
EndProject
Project("{9A19103F-16F7-4668-BE54-9A1E7A4F7556}") = "Packgroup.Ecommerce.Transversal.Mapper", "Packgroup.Ecommerce.Transversal.Mapper\Packgroup.Ecommerce.Transversal.Mapper.csproj", "{22ACB229-139E-4A42-8DAE-1522A8B498FE}"
EndProject
Project("{9A19103F-16F7-4668-BE54-9A1E7A4F7556}") = "Packgroup.Ecommerce.Aplication.Interface", "Packgroup.Ecommerce.Aplication.Interface\Packgroup.Ecommerce.Aplication.Interface.csproj", "{B3EA7992-99F5-475C-85B6-A04F33689347}"
EndProject
Project("{9A19103F-16F7-4668-BE54-9A1E7A4F7556}") = "Packgroup.Ecommerce.Aplication.Main", "Packgroup.Ecommerce.Aplication.Main\Packgroup.Ecommerce.Aplication.Main.csproj", "{70FD350A-5875-4DF9-84AA-00F089F407EE}"
EndProject
Project("{9A19103F-16F7-4668-BE54-9A1E7A4F7556}") = "Packgroup.Ecommerce.Services.WebApi", "Packgroup.Ecommerce.Services.WebApi\Packgroup.Ecommerce.Services.WebApi.csproj", "{CD9E52D1-9B62-4A38-81CF-12A7257A6000}"
EndProject
Project("{FAE04EC0-301F-11D3-BF4B-00C04F79EFBC}") = "Packgroup.Ecommerce.Transversal.Logging", "Packgroup.Ecommerce.Transversal.Logging\Packgroup.Ecommerce.Transversal.Logging.csproj", "{16A95171-C616-41A0-95D5-C1406B0949A4}"
EndProject
Global
	GlobalSection(SolutionConfigurationPlatforms) = preSolution
		Debug|Any CPU = Debug|Any CPU
		Release|Any CPU = Release|Any CPU
	EndGlobalSection
	GlobalSection(ProjectConfigurationPlatforms) = postSolution
		{A2DC5542-CC12-4BDA-B193-F2C441C256DB}.Debug|Any CPU.ActiveCfg = Debug|Any CPU
		{A2DC5542-CC12-4BDA-B193-F2C441C256DB}.Debug|Any CPU.Build.0 = Debug|Any CPU
		{A2DC5542-CC12-4BDA-B193-F2C441C256DB}.Release|Any CPU.ActiveCfg = Release|Any CPU
		{A2DC5542-CC12-4BDA-B193-F2C441C256DB}.Release|Any CPU.Build.0 = Release|Any CPU
		{67709FF9-9FB8-467B-98E7-498978A7B00B}.Debug|Any CPU.ActiveCfg = Debug|Any CPU
		{67709FF9-9FB8-467B-98E7-498978A7B00B}.Debug|Any CPU.Build.0 = Debug|Any CPU
		{67709FF9-9FB8-467B-98E7-498978A7B00B}.Release|Any CPU.ActiveCfg = Release|Any CPU
		{67709FF9-9FB8-467B-98E7-498978A7B00B}.Release|Any CPU.Build.0 = Release|Any CPU
		{68080B4F-35B6-44DA-A9FE-FC182264C384}.Debug|Any CPU.ActiveCfg = Debug|Any CPU
		{68080B4F-35B6-44DA-A9FE-FC182264C384}.Debug|Any CPU.Build.0 = Debug|Any CPU
		{68080B4F-35B6-44DA-A9FE-FC182264C384}.Release|Any CPU.ActiveCfg = Release|Any CPU
		{68080B4F-35B6-44DA-A9FE-FC182264C384}.Release|Any CPU.Build.0 = Release|Any CPU
		{9D44E327-D947-4A29-9CE2-2822DAD874D7}.Debug|Any CPU.ActiveCfg = Debug|Any CPU
		{9D44E327-D947-4A29-9CE2-2822DAD874D7}.Debug|Any CPU.Build.0 = Debug|Any CPU
		{9D44E327-D947-4A29-9CE2-2822DAD874D7}.Release|Any CPU.ActiveCfg = Release|Any CPU
		{9D44E327-D947-4A29-9CE2-2822DAD874D7}.Release|Any CPU.Build.0 = Release|Any CPU
		{0FAA7A4B-FD38-4CA7-9CE0-CA4F82CE7B12}.Debug|Any CPU.ActiveCfg = Debug|Any CPU
		{0FAA7A4B-FD38-4CA7-9CE0-CA4F82CE7B12}.Debug|Any CPU.Build.0 = Debug|Any CPU
		{0FAA7A4B-FD38-4CA7-9CE0-CA4F82CE7B12}.Release|Any CPU.ActiveCfg = Release|Any CPU
		{0FAA7A4B-FD38-4CA7-9CE0-CA4F82CE7B12}.Release|Any CPU.Build.0 = Release|Any CPU
		{669B4008-BA34-44FA-B98E-4E2E355B8D82}.Debug|Any CPU.ActiveCfg = Debug|Any CPU
		{669B4008-BA34-44FA-B98E-4E2E355B8D82}.Debug|Any CPU.Build.0 = Debug|Any CPU
		{669B4008-BA34-44FA-B98E-4E2E355B8D82}.Release|Any CPU.ActiveCfg = Release|Any CPU
		{669B4008-BA34-44FA-B98E-4E2E355B8D82}.Release|Any CPU.Build.0 = Release|Any CPU
		{31E2BF7C-8400-432B-85DE-9A958D88F490}.Debug|Any CPU.ActiveCfg = Debug|Any CPU
		{31E2BF7C-8400-432B-85DE-9A958D88F490}.Debug|Any CPU.Build.0 = Debug|Any CPU
		{31E2BF7C-8400-432B-85DE-9A958D88F490}.Release|Any CPU.ActiveCfg = Release|Any CPU
		{31E2BF7C-8400-432B-85DE-9A958D88F490}.Release|Any CPU.Build.0 = Release|Any CPU
		{9E0C784A-A794-481D-B7B6-3E7B96F42375}.Debug|Any CPU.ActiveCfg = Debug|Any CPU
		{9E0C784A-A794-481D-B7B6-3E7B96F42375}.Debug|Any CPU.Build.0 = Debug|Any CPU
		{9E0C784A-A794-481D-B7B6-3E7B96F42375}.Release|Any CPU.ActiveCfg = Release|Any CPU
		{9E0C784A-A794-481D-B7B6-3E7B96F42375}.Release|Any CPU.Build.0 = Release|Any CPU
		{22ACB229-139E-4A42-8DAE-1522A8B498FE}.Debug|Any CPU.ActiveCfg = Debug|Any CPU
		{22ACB229-139E-4A42-8DAE-1522A8B498FE}.Debug|Any CPU.Build.0 = Debug|Any CPU
		{22ACB229-139E-4A42-8DAE-1522A8B498FE}.Release|Any CPU.ActiveCfg = Release|Any CPU
		{22ACB229-139E-4A42-8DAE-1522A8B498FE}.Release|Any CPU.Build.0 = Release|Any CPU
		{B3EA7992-99F5-475C-85B6-A04F33689347}.Debug|Any CPU.ActiveCfg = Debug|Any CPU
		{B3EA7992-99F5-475C-85B6-A04F33689347}.Debug|Any CPU.Build.0 = Debug|Any CPU
		{B3EA7992-99F5-475C-85B6-A04F33689347}.Release|Any CPU.ActiveCfg = Release|Any CPU
		{B3EA7992-99F5-475C-85B6-A04F33689347}.Release|Any CPU.Build.0 = Release|Any CPU
		{70FD350A-5875-4DF9-84AA-00F089F407EE}.Debug|Any CPU.ActiveCfg = Debug|Any CPU
		{70FD350A-5875-4DF9-84AA-00F089F407EE}.Debug|Any CPU.Build.0 = Debug|Any CPU
		{70FD350A-5875-4DF9-84AA-00F089F407EE}.Release|Any CPU.ActiveCfg = Release|Any CPU
		{70FD350A-5875-4DF9-84AA-00F089F407EE}.Release|Any CPU.Build.0 = Release|Any CPU
		{CD9E52D1-9B62-4A38-81CF-12A7257A6000}.Debug|Any CPU.ActiveCfg = Debug|Any CPU
		{CD9E52D1-9B62-4A38-81CF-12A7257A6000}.Debug|Any CPU.Build.0 = Debug|Any CPU
		{CD9E52D1-9B62-4A38-81CF-12A7257A6000}.Release|Any CPU.ActiveCfg = Release|Any CPU
		{CD9E52D1-9B62-4A38-81CF-12A7257A6000}.Release|Any CPU.Build.0 = Release|Any CPU
		{16A95171-C616-41A0-95D5-C1406B0949A4}.Debug|Any CPU.ActiveCfg = Debug|Any CPU
		{16A95171-C616-41A0-95D5-C1406B0949A4}.Debug|Any CPU.Build.0 = Debug|Any CPU
		{16A95171-C616-41A0-95D5-C1406B0949A4}.Release|Any CPU.ActiveCfg = Release|Any CPU
		{16A95171-C616-41A0-95D5-C1406B0949A4}.Release|Any CPU.Build.0 = Release|Any CPU
	EndGlobalSection
	GlobalSection(SolutionProperties) = preSolution
		HideSolutionNode = FALSE
	EndGlobalSection
	GlobalSection(NestedProjects) = preSolution
		{A2DC5542-CC12-4BDA-B193-F2C441C256DB} = {3C61936D-5AD6-4C90-84F9-7DCFC8449D6D}
		{67709FF9-9FB8-467B-98E7-498978A7B00B} = {810B8EFB-D4EB-4FB9-A9FD-732A3CC4D501}
		{68080B4F-35B6-44DA-A9FE-FC182264C384} = {810B8EFB-D4EB-4FB9-A9FD-732A3CC4D501}
		{9D44E327-D947-4A29-9CE2-2822DAD874D7} = {933A2566-3497-4BA8-BDFD-1CCEE0B34BAB}
		{0FAA7A4B-FD38-4CA7-9CE0-CA4F82CE7B12} = {810B8EFB-D4EB-4FB9-A9FD-732A3CC4D501}
		{669B4008-BA34-44FA-B98E-4E2E355B8D82} = {933A2566-3497-4BA8-BDFD-1CCEE0B34BAB}
		{31E2BF7C-8400-432B-85DE-9A958D88F490} = {933A2566-3497-4BA8-BDFD-1CCEE0B34BAB}
		{9E0C784A-A794-481D-B7B6-3E7B96F42375} = {D5A994E6-D4A7-4182-BD25-EED1A7275A27}
		{22ACB229-139E-4A42-8DAE-1522A8B498FE} = {3C61936D-5AD6-4C90-84F9-7DCFC8449D6D}
		{B3EA7992-99F5-475C-85B6-A04F33689347} = {D5A994E6-D4A7-4182-BD25-EED1A7275A27}
		{70FD350A-5875-4DF9-84AA-00F089F407EE} = {D5A994E6-D4A7-4182-BD25-EED1A7275A27}
		{CD9E52D1-9B62-4A38-81CF-12A7257A6000} = {7C4B95D8-F39B-4DA6-98F9-D8C547DFBCA8}
		{16A95171-C616-41A0-95D5-C1406B0949A4} = {3C61936D-5AD6-4C90-84F9-7DCFC8449D6D}
	EndGlobalSection
	GlobalSection(ExtensibilityGlobals) = postSolution
		SolutionGuid = {E103FDA1-4933-41D8-9FAA-511B835C1CD3}
	EndGlobalSection
EndGlobal
