
Microsoft Visual Studio Solution File, Format Version 12.00
# Visual Studio Version 17
VisualStudioVersion = 17.6.33829.357
MinimumVisualStudioVersion = 10.0.40219.1
Project("{9A19103F-16F7-4668-BE54-9A1E7A4F7556}") = "Packgroup.Ecommerce.Transversal.Common", "Packgroup.Ecommerce.Transversal.Commin\Packgroup.Ecommerce.Transversal.Common.csproj", "{A2DC5542-CC12-4BDA-B193-F2C441C256DB}"
EndProject
Project("{2150E333-8FDC-42A3-9474-1A3956D46DE8}") = "Transversal", "Transversal", "{3C61936D-5AD6-4C90-84F9-7DCFC8449D6D}"
EndProject
Project("{2150E333-8FDC-42A3-9474-1A3956D46DE8}") = "Aplicacion", "Aplicacion", "{D5A994E6-D4A7-4182-BD25-EED1A7275A27}"
EndProject
Project("{2150E333-8FDC-42A3-9474-1A3956D46DE8}") = "Dominio", "Dominio", "{933A2566-3497-4BA8-BDFD-1CCEE0B34BAB}"
EndProject
Project("{2150E333-8FDC-42A3-9474-1A3956D46DE8}") = "Infraestructura", "Infraestructura", "{810B8EFB-D4EB-4FB9-A9FD-732A3CC4D501}"
EndProject
Project("{2150E333-8FDC-42A3-9474-1A3956D46DE8}") = "Servicio", "Servicio", "{7C4B95D8-F39B-4DA6-98F9-D8C547DFBCA8}"
EndProject
Project("{9A19103F-16F7-4668-BE54-9A1E7A4F7556}") = "Packgroup.Ecommerce.Infraestructura.Data", "Packgroup.Ecommerce.Infraestructura.Data\Packgroup.Ecommerce.Infraestructura.Data.csproj", "{67709FF9-9FB8-467B-98E7-498978A7B00B}"
EndProject
Project("{9A19103F-16F7-4668-BE54-9A1E7A4F7556}") = "PackGroup.Ecommerce.Infrastructura.Interface", "PackGroup.Ecommerce.Infrastructura.Interface\PackGroup.Ecommerce.Infrastructura.Interface.csproj", "{68080B4F-35B6-44DA-A9FE-FC182264C384}"
EndProject
Project("{9A19103F-16F7-4668-BE54-9A1E7A4F7556}") = "Packgroup.Ecommerce.Domain.Entity", "Packgroup.Ecommerce.Domain.Entity\Packgroup.Ecommerce.Domain.Entity.csproj", "{9D44E327-D947-4A29-9CE2-2822DAD874D7}"
EndProject
Project("{9A19103F-16F7-4668-BE54-9A1E7A4F7556}") = "Packgroup.Ecommerce.Infraestructura.Repository", "Packgroup.Ecommerce.Infraestructura.Repository\Packgroup.Ecommerce.Infraestructura.Repository.csproj", "{0FAA7A4B-FD38-4CA7-9CE0-CA4F82CE7B12}"
EndProject
Project("{FAE04EC0-301F-11D3-BF4B-00C04F79EFBC}") = "Packgroup.Ecommerce.Domain.Interface", "Packgroup.Ecommerce.Domain.Interface\Packgroup.Ecommerce.Domain.Interface.csproj", "{669B4008-BA34-44FA-B98E-4E2E355B8D82}"
EndProject
Global
	GlobalSection(SolutionConfigurationPlatforms) = preSolution
		Debug|Any CPU = Debug|Any CPU
		Release|Any CPU = Release|Any CPU
	EndGlobalSection
	GlobalSection(ProjectConfigurationPlatforms) = postSolution
		{A2DC5542-CC12-4BDA-B193-F2C441C256DB}.Debug|Any CPU.ActiveCfg = Debug|Any CPU
		{A2DC5542-CC12-4BDA-B193-F2C441C256DB}.Debug|Any CPU.Build.0 = Debug|Any CPU
		{A2DC5542-CC12-4BDA-B193-F2C441C256DB}.Release|Any CPU.ActiveCfg = Release|Any CPU
		{A2DC5542-CC12-4BDA-B193-F2C441C256DB}.Release|Any CPU.Build.0 = Release|Any CPU
		{67709FF9-9FB8-467B-98E7-498978A7B00B}.Debug|Any CPU.ActiveCfg = Debug|Any CPU
		{67709FF9-9FB8-467B-98E7-498978A7B00B}.Debug|Any CPU.Build.0 = Debug|Any CPU
		{67709FF9-9FB8-467B-98E7-498978A7B00B}.Release|Any CPU.ActiveCfg = Release|Any CPU
		{67709FF9-9FB8-467B-98E7-498978A7B00B}.Release|Any CPU.Build.0 = Release|Any CPU
		{68080B4F-35B6-44DA-A9FE-FC182264C384}.Debug|Any CPU.ActiveCfg = Debug|Any CPU
		{68080B4F-35B6-44DA-A9FE-FC182264C384}.Debug|Any CPU.Build.0 = Debug|Any CPU
		{68080B4F-35B6-44DA-A9FE-FC182264C384}.Release|Any CPU.ActiveCfg = Release|Any CPU
		{68080B4F-35B6-44DA-A9FE-FC182264C384}.Release|Any CPU.Build.0 = Release|Any CPU
		{9D44E327-D947-4A29-9CE2-2822DAD874D7}.Debug|Any CPU.ActiveCfg = Debug|Any CPU
		{9D44E327-D947-4A29-9CE2-2822DAD874D7}.Debug|Any CPU.Build.0 = Debug|Any CPU
		{9D44E327-D947-4A29-9CE2-2822DAD874D7}.Release|Any CPU.ActiveCfg = Release|Any CPU
		{9D44E327-D947-4A29-9CE2-2822DAD874D7}.Release|Any CPU.Build.0 = Release|Any CPU
		{0FAA7A4B-FD38-4CA7-9CE0-CA4F82CE7B12}.Debug|Any CPU.ActiveCfg = Debug|Any CPU
		{0FAA7A4B-FD38-4CA7-9CE0-CA4F82CE7B12}.Debug|Any CPU.Build.0 = Debug|Any CPU
		{0FAA7A4B-FD38-4CA7-9CE0-CA4F82CE7B12}.Release|Any CPU.ActiveCfg = Release|Any CPU
		{0FAA7A4B-FD38-4CA7-9CE0-CA4F82CE7B12}.Release|Any CPU.Build.0 = Release|Any CPU
		{669B4008-BA34-44FA-B98E-4E2E355B8D82}.Debug|Any CPU.ActiveCfg = Debug|Any CPU
		{669B4008-BA34-44FA-B98E-4E2E355B8D82}.Debug|Any CPU.Build.0 = Debug|Any CPU
		{669B4008-BA34-44FA-B98E-4E2E355B8D82}.Release|Any CPU.ActiveCfg = Release|Any CPU
		{669B4008-BA34-44FA-B98E-4E2E355B8D82}.Release|Any CPU.Build.0 = Release|Any CPU
	EndGlobalSection
	GlobalSection(SolutionProperties) = preSolution
		HideSolutionNode = FALSE
	EndGlobalSection
	GlobalSection(NestedProjects) = preSolution
		{A2DC5542-CC12-4BDA-B193-F2C441C256DB} = {3C61936D-5AD6-4C90-84F9-7DCFC8449D6D}
		{67709FF9-9FB8-467B-98E7-498978A7B00B} = {810B8EFB-D4EB-4FB9-A9FD-732A3CC4D501}
		{68080B4F-35B6-44DA-A9FE-FC182264C384} = {810B8EFB-D4EB-4FB9-A9FD-732A3CC4D501}
		{9D44E327-D947-4A29-9CE2-2822DAD874D7} = {933A2566-3497-4BA8-BDFD-1CCEE0B34BAB}
		{0FAA7A4B-FD38-4CA7-9CE0-CA4F82CE7B12} = {810B8EFB-D4EB-4FB9-A9FD-732A3CC4D501}
		{669B4008-BA34-44FA-B98E-4E2E355B8D82} = {933A2566-3497-4BA8-BDFD-1CCEE0B34BAB}
	EndGlobalSection
	GlobalSection(ExtensibilityGlobals) = postSolution
		SolutionGuid = {E103FDA1-4933-41D8-9FAA-511B835C1CD3}
	EndGlobalSection
EndGlobal
