
Microsoft Visual Studio Solution File, Format Version 12.00
# Visual Studio Version 17
VisualStudioVersion = 17.6.33829.357
MinimumVisualStudioVersion = 10.0.40219.1
Project("{9A19103F-16F7-4668-BE54-9A1E7A4F7556}") = "Packgroup.Ecommerce.Transversal.Common", "Packgroup.Ecommerce.Transversal.Commin\Packgroup.Ecommerce.Transversal.Common.csproj", "{A2DC5542-CC12-4BDA-B193-F2C441C256DB}"
EndProject
Project("{2150E333-8FDC-42A3-9474-1A3956D46DE8}") = "Transversal", "Transversal", "{3C61936D-5AD6-4C90-84F9-7DCFC8449D6D}"
EndProject
Project("{2150E333-8FDC-42A3-9474-1A3956D46DE8}") = "Aplicacion", "Aplicacion", "{D5A994E6-D4A7-4182-BD25-EED1A7275A27}"
EndProject
Project("{2150E333-8FDC-42A3-9474-1A3956D46DE8}") = "Dominio", "Dominio", "{933A2566-3497-4BA8-BDFD-1CCEE0B34BAB}"
EndProject
Project("{2150E333-8FDC-42A3-9474-1A3956D46DE8}") = "Infraestructura", "Infraestructura", "{810B8EFB-D4EB-4FB9-A9FD-732A3CC4D501}"
EndProject
Project("{2150E333-8FDC-42A3-9474-1A3956D46DE8}") = "Servicio", "Servicio", "{7C4B95D8-F39B-4DA6-98F9-D8C547DFBCA8}"
EndProject
Project("{9A19103F-16F7-4668-BE54-9A1E7A4F7556}") = "Packgroup.Ecommerce.Domain", "Packgroup.Ecommerce.Domain.Entity\Packgroup.Ecommerce.Domain.csproj", "{9D44E327-D947-4A29-9CE2-2822DAD874D7}"
EndProject
Project("{9A19103F-16F7-4668-BE54-9A1E7A4F7556}") = "Packgroup.Ecommerce.Aplication.DTO", "Packgroup.Ecommerce.Aplication.DTO\Packgroup.Ecommerce.Aplication.DTO.csproj", "{9E0C784A-A794-481D-B7B6-3E7B96F42375}"
EndProject
Project("{9A19103F-16F7-4668-BE54-9A1E7A4F7556}") = "Packgroup.Ecommerce.Aplication.Interface", "Packgroup.Ecommerce.Aplication.Interface\Packgroup.Ecommerce.Aplication.Interface.csproj", "{B3EA7992-99F5-475C-85B6-A04F33689347}"
EndProject
Project("{9A19103F-16F7-4668-BE54-9A1E7A4F7556}") = "Packgroup.Ecommerce.Aplication.UseCases", "Packgroup.Ecommerce.Aplication.Main\Packgroup.Ecommerce.Aplication.UseCases.csproj", "{70FD350A-5875-4DF9-84AA-00F089F407EE}"
EndProject
Project("{9A19103F-16F7-4668-BE54-9A1E7A4F7556}") = "Packgroup.Ecommerce.Services.WebApi", "Packgroup.Ecommerce.Services.WebApi\Packgroup.Ecommerce.Services.WebApi.csproj", "{CD9E52D1-9B62-4A38-81CF-12A7257A6000}"
EndProject
Project("{9A19103F-16F7-4668-BE54-9A1E7A4F7556}") = "Packgroup.Ecommerce.Application.Validator", "Packgroup.Ecommerce.Application.Validator\Packgroup.Ecommerce.Application.Validator.csproj", "{EB48A7E0-CCFB-4A81-BD19-193E4EDF9B02}"
EndProject
Project("{2150E333-8FDC-42A3-9474-1A3956D46DE8}") = "Test", "Test", "{78BFA548-D481-4915-9C5A-C2084F2DF470}"
EndProject
Project("{9A19103F-16F7-4668-BE54-9A1E7A4F7556}") = "Packgroup.Ecommerce.Application.Test", "Packgroup.Ecommerce.Application.Test\Packgroup.Ecommerce.Application.Test.csproj", "{053F8374-3B5F-454F-8D25-62DCEFC983A1}"
EndProject
Project("{9A19103F-16F7-4668-BE54-9A1E7A4F7556}") = "Packgroup.Ecommerce.Transversal.Logging", "Packgroup.Ecommerce.Transversal.Logging\Packgroup.Ecommerce.Transversal.Logging.csproj", "{E3343FE8-2F6F-48B5-A5A6-D685A00C29E8}"
EndProject
Project("{9A19103F-16F7-4668-BE54-9A1E7A4F7556}") = "Packgroup.Ecommerce.Persistence", "Packgroup.Ecommerce.Persistence\Packgroup.Ecommerce.Persistence.csproj", "{A5CFDB8B-7211-4720-8F6E-7739960E8D8A}"
EndProject
Project("{9A19103F-16F7-4668-BE54-9A1E7A4F7556}") = "Packgroup.Ecommerce.Infraestuctura", "Packgroup.Ecommerce.Infraestuctura\Packgroup.Ecommerce.Infraestuctura.csproj", "{7926802B-E515-4990-BD93-ABF949D55F36}"
EndProject
Project("{9A19103F-16F7-4668-BE54-9A1E7A4F7556}") = "Packgroup.Ecommerce.ConsoleApp.Consumer", "Packgroup.Ecommerce.Consumer\Packgroup.Ecommerce.ConsoleApp.Consumer\Packgroup.Ecommerce.ConsoleApp.Consumer.csproj", "{85129CAA-29F1-4F12-ACBC-AD5172B234ED}"
EndProject
Project("{2150E333-8FDC-42A3-9474-1A3956D46DE8}") = "Elementos de la solución", "Elementos de la solución", "{57CCA428-C9B8-453A-9990-BBE652690BBF}"
	ProjectSection(SolutionItems) = preProject
		Readme.md = Readme.md
	EndProjectSection
EndProject
Global
	GlobalSection(SolutionConfigurationPlatforms) = preSolution
		Debug|Any CPU = Debug|Any CPU
		Release|Any CPU = Release|Any CPU
	EndGlobalSection
	GlobalSection(ProjectConfigurationPlatforms) = postSolution
		{A2DC5542-CC12-4BDA-B193-F2C441C256DB}.Debug|Any CPU.ActiveCfg = Debug|Any CPU
		{A2DC5542-CC12-4BDA-B193-F2C441C256DB}.Debug|Any CPU.Build.0 = Debug|Any CPU
		{A2DC5542-CC12-4BDA-B193-F2C441C256DB}.Release|Any CPU.ActiveCfg = Release|Any CPU
		{A2DC5542-CC12-4BDA-B193-F2C441C256DB}.Release|Any CPU.Build.0 = Release|Any CPU
		{9D44E327-D947-4A29-9CE2-2822DAD874D7}.Debug|Any CPU.ActiveCfg = Debug|Any CPU
		{9D44E327-D947-4A29-9CE2-2822DAD874D7}.Debug|Any CPU.Build.0 = Debug|Any CPU
		{9D44E327-D947-4A29-9CE2-2822DAD874D7}.Release|Any CPU.ActiveCfg = Release|Any CPU
		{9D44E327-D947-4A29-9CE2-2822DAD874D7}.Release|Any CPU.Build.0 = Release|Any CPU
		{9E0C784A-A794-481D-B7B6-3E7B96F42375}.Debug|Any CPU.ActiveCfg = Debug|Any CPU
		{9E0C784A-A794-481D-B7B6-3E7B96F42375}.Debug|Any CPU.Build.0 = Debug|Any CPU
		{9E0C784A-A794-481D-B7B6-3E7B96F42375}.Release|Any CPU.ActiveCfg = Release|Any CPU
		{9E0C784A-A794-481D-B7B6-3E7B96F42375}.Release|Any CPU.Build.0 = Release|Any CPU
		{B3EA7992-99F5-475C-85B6-A04F33689347}.Debug|Any CPU.ActiveCfg = Debug|Any CPU
		{B3EA7992-99F5-475C-85B6-A04F33689347}.Debug|Any CPU.Build.0 = Debug|Any CPU
		{B3EA7992-99F5-475C-85B6-A04F33689347}.Release|Any CPU.ActiveCfg = Release|Any CPU
		{B3EA7992-99F5-475C-85B6-A04F33689347}.Release|Any CPU.Build.0 = Release|Any CPU
		{70FD350A-5875-4DF9-84AA-00F089F407EE}.Debug|Any CPU.ActiveCfg = Debug|Any CPU
		{70FD350A-5875-4DF9-84AA-00F089F407EE}.Debug|Any CPU.Build.0 = Debug|Any CPU
		{70FD350A-5875-4DF9-84AA-00F089F407EE}.Release|Any CPU.ActiveCfg = Release|Any CPU
		{70FD350A-5875-4DF9-84AA-00F089F407EE}.Release|Any CPU.Build.0 = Release|Any CPU
		{CD9E52D1-9B62-4A38-81CF-12A7257A6000}.Debug|Any CPU.ActiveCfg = Debug|Any CPU
		{CD9E52D1-9B62-4A38-81CF-12A7257A6000}.Debug|Any CPU.Build.0 = Debug|Any CPU
		{CD9E52D1-9B62-4A38-81CF-12A7257A6000}.Release|Any CPU.ActiveCfg = Release|Any CPU
		{CD9E52D1-9B62-4A38-81CF-12A7257A6000}.Release|Any CPU.Build.0 = Release|Any CPU
		{EB48A7E0-CCFB-4A81-BD19-193E4EDF9B02}.Debug|Any CPU.ActiveCfg = Debug|Any CPU
		{EB48A7E0-CCFB-4A81-BD19-193E4EDF9B02}.Debug|Any CPU.Build.0 = Debug|Any CPU
		{EB48A7E0-CCFB-4A81-BD19-193E4EDF9B02}.Release|Any CPU.ActiveCfg = Release|Any CPU
		{EB48A7E0-CCFB-4A81-BD19-193E4EDF9B02}.Release|Any CPU.Build.0 = Release|Any CPU
		{053F8374-3B5F-454F-8D25-62DCEFC983A1}.Debug|Any CPU.ActiveCfg = Debug|Any CPU
		{053F8374-3B5F-454F-8D25-62DCEFC983A1}.Debug|Any CPU.Build.0 = Debug|Any CPU
		{053F8374-3B5F-454F-8D25-62DCEFC983A1}.Release|Any CPU.ActiveCfg = Release|Any CPU
		{053F8374-3B5F-454F-8D25-62DCEFC983A1}.Release|Any CPU.Build.0 = Release|Any CPU
		{E3343FE8-2F6F-48B5-A5A6-D685A00C29E8}.Debug|Any CPU.ActiveCfg = Debug|Any CPU
		{E3343FE8-2F6F-48B5-A5A6-D685A00C29E8}.Debug|Any CPU.Build.0 = Debug|Any CPU
		{E3343FE8-2F6F-48B5-A5A6-D685A00C29E8}.Release|Any CPU.ActiveCfg = Release|Any CPU
		{E3343FE8-2F6F-48B5-A5A6-D685A00C29E8}.Release|Any CPU.Build.0 = Release|Any CPU
		{A5CFDB8B-7211-4720-8F6E-7739960E8D8A}.Debug|Any CPU.ActiveCfg = Debug|Any CPU
		{A5CFDB8B-7211-4720-8F6E-7739960E8D8A}.Debug|Any CPU.Build.0 = Debug|Any CPU
		{A5CFDB8B-7211-4720-8F6E-7739960E8D8A}.Release|Any CPU.ActiveCfg = Release|Any CPU
		{A5CFDB8B-7211-4720-8F6E-7739960E8D8A}.Release|Any CPU.Build.0 = Release|Any CPU
		{7926802B-E515-4990-BD93-ABF949D55F36}.Debug|Any CPU.ActiveCfg = Debug|Any CPU
		{7926802B-E515-4990-BD93-ABF949D55F36}.Debug|Any CPU.Build.0 = Debug|Any CPU
		{7926802B-E515-4990-BD93-ABF949D55F36}.Release|Any CPU.ActiveCfg = Release|Any CPU
		{7926802B-E515-4990-BD93-ABF949D55F36}.Release|Any CPU.Build.0 = Release|Any CPU
		{85129CAA-29F1-4F12-ACBC-AD5172B234ED}.Debug|Any CPU.ActiveCfg = Debug|Any CPU
		{85129CAA-29F1-4F12-ACBC-AD5172B234ED}.Debug|Any CPU.Build.0 = Debug|Any CPU
		{85129CAA-29F1-4F12-ACBC-AD5172B234ED}.Release|Any CPU.ActiveCfg = Release|Any CPU
		{85129CAA-29F1-4F12-ACBC-AD5172B234ED}.Release|Any CPU.Build.0 = Release|Any CPU
	EndGlobalSection
	GlobalSection(SolutionProperties) = preSolution
		HideSolutionNode = FALSE
	EndGlobalSection
	GlobalSection(NestedProjects) = preSolution
		{A2DC5542-CC12-4BDA-B193-F2C441C256DB} = {3C61936D-5AD6-4C90-84F9-7DCFC8449D6D}
		{9D44E327-D947-4A29-9CE2-2822DAD874D7} = {933A2566-3497-4BA8-BDFD-1CCEE0B34BAB}
		{9E0C784A-A794-481D-B7B6-3E7B96F42375} = {D5A994E6-D4A7-4182-BD25-EED1A7275A27}
		{B3EA7992-99F5-475C-85B6-A04F33689347} = {D5A994E6-D4A7-4182-BD25-EED1A7275A27}
		{70FD350A-5875-4DF9-84AA-00F089F407EE} = {D5A994E6-D4A7-4182-BD25-EED1A7275A27}
		{CD9E52D1-9B62-4A38-81CF-12A7257A6000} = {7C4B95D8-F39B-4DA6-98F9-D8C547DFBCA8}
		{EB48A7E0-CCFB-4A81-BD19-193E4EDF9B02} = {D5A994E6-D4A7-4182-BD25-EED1A7275A27}
		{053F8374-3B5F-454F-8D25-62DCEFC983A1} = {78BFA548-D481-4915-9C5A-C2084F2DF470}
		{E3343FE8-2F6F-48B5-A5A6-D685A00C29E8} = {3C61936D-5AD6-4C90-84F9-7DCFC8449D6D}
		{A5CFDB8B-7211-4720-8F6E-7739960E8D8A} = {810B8EFB-D4EB-4FB9-A9FD-732A3CC4D501}
		{7926802B-E515-4990-BD93-ABF949D55F36} = {810B8EFB-D4EB-4FB9-A9FD-732A3CC4D501}
	EndGlobalSection
	GlobalSection(ExtensibilityGlobals) = postSolution
		SolutionGuid = {E103FDA1-4933-41D8-9FAA-511B835C1CD3}
	EndGlobalSection
EndGlobal
