
Microsoft Visual Studio Solution File, Format Version 12.00
# Visual Studio Version 17
VisualStudioVersion = 17.6.33712.159
MinimumVisualStudioVersion = 10.0.40219.1
Project("{FAE04EC0-301F-11D3-BF4B-00C04F79EFBC}") = "Packgroup.Ecommerce.ConsoleApp.Consumer", "Packgroup.Ecommerce.ConsoleApp.Consumer\Packgroup.Ecommerce.ConsoleApp.Consumer.csproj", "{66D15026-21C0-4E11-9248-E266534AA4E1}"
EndProject
Global
	GlobalSection(SolutionConfigurationPlatforms) = preSolution
		Debug|Any CPU = Debug|Any CPU
		Release|Any CPU = Release|Any CPU
	EndGlobalSection
	GlobalSection(ProjectConfigurationPlatforms) = postSolution
		{66D15026-21C0-4E11-9248-E266534AA4E1}.Debug|Any CPU.ActiveCfg = Debug|Any CPU
		{66D15026-21C0-4E11-9248-E266534AA4E1}.Debug|Any CPU.Build.0 = Debug|Any CPU
		{66D15026-21C0-4E11-9248-E266534AA4E1}.Release|Any CPU.ActiveCfg = Release|Any CPU
		{66D15026-21C0-4E11-9248-E266534AA4E1}.Release|Any CPU.Build.0 = Release|Any CPU
	EndGlobalSection
	GlobalSection(SolutionProperties) = preSolution
		HideSolutionNode = FALSE
	EndGlobalSection
	GlobalSection(ExtensibilityGlobals) = postSolution
		SolutionGuid = {BF4129C9-4213-4D0A-AC03-23F77D5F0D83}
	EndGlobalSection
EndGlobal
